
Microsoft Visual Studio Solution File, Format Version 12.00
# Visual Studio Version 16
VisualStudioVersion = 16.0.30517.126
MinimumVisualStudioVersion = 10.0.40219.1
Project("{FAE04EC0-301F-11D3-BF4B-00C04F79EFBC}") = "MoreStringsExercises", "MoreStringsExercises\MoreStringsExercises.csproj", "{A03A0F42-B01E-43BD-9302-4537EB9D4499}"
EndProject
Project("{FAE04EC0-301F-11D3-BF4B-00C04F79EFBC}") = "WordCounter", "WordCounter\WordCounter.csproj", "{CF993FAE-2511-4CFB-AACE-85072EB35C57}"
EndProject
Project("{FAE04EC0-301F-11D3-BF4B-00C04F79EFBC}") = "SubstituteCharacters", "SubstituteCharacters\SubstituteCharacters.csproj", "{686EE705-CA60-4848-BBD4-D2857E29CA55}"
EndProject
Project("{FAE04EC0-301F-11D3-BF4B-00C04F79EFBC}") = "ForEachLoop", "ForEachLoop\ForEachLoop.csproj", "{03E18C74-6786-442A-A7C8-BCF3DC2E00BE}"
EndProject
Project("{FAE04EC0-301F-11D3-BF4B-00C04F79EFBC}") = "CharacterCounter", "CharacterCounter\CharacterCounter.csproj", "{BF989668-B7A9-4081-92CA-2533BE9EF96B}"
EndProject
Global
	GlobalSection(SolutionConfigurationPlatforms) = preSolution
		Debug|Any CPU = Debug|Any CPU
		Release|Any CPU = Release|Any CPU
	EndGlobalSection
	GlobalSection(ProjectConfigurationPlatforms) = postSolution
		{A03A0F42-B01E-43BD-9302-4537EB9D4499}.Debug|Any CPU.ActiveCfg = Debug|Any CPU
		{A03A0F42-B01E-43BD-9302-4537EB9D4499}.Debug|Any CPU.Build.0 = Debug|Any CPU
		{A03A0F42-B01E-43BD-9302-4537EB9D4499}.Release|Any CPU.ActiveCfg = Release|Any CPU
		{A03A0F42-B01E-43BD-9302-4537EB9D4499}.Release|Any CPU.Build.0 = Release|Any CPU
		{CF993FAE-2511-4CFB-AACE-85072EB35C57}.Debug|Any CPU.ActiveCfg = Debug|Any CPU
		{CF993FAE-2511-4CFB-AACE-85072EB35C57}.Debug|Any CPU.Build.0 = Debug|Any CPU
		{CF993FAE-2511-4CFB-AACE-85072EB35C57}.Release|Any CPU.ActiveCfg = Release|Any CPU
		{CF993FAE-2511-4CFB-AACE-85072EB35C57}.Release|Any CPU.Build.0 = Release|Any CPU
		{686EE705-CA60-4848-BBD4-D2857E29CA55}.Debug|Any CPU.ActiveCfg = Debug|Any CPU
		{686EE705-CA60-4848-BBD4-D2857E29CA55}.Debug|Any CPU.Build.0 = Debug|Any CPU
		{686EE705-CA60-4848-BBD4-D2857E29CA55}.Release|Any CPU.ActiveCfg = Release|Any CPU
		{686EE705-CA60-4848-BBD4-D2857E29CA55}.Release|Any CPU.Build.0 = Release|Any CPU
		{03E18C74-6786-442A-A7C8-BCF3DC2E00BE}.Debug|Any CPU.ActiveCfg = Debug|Any CPU
		{03E18C74-6786-442A-A7C8-BCF3DC2E00BE}.Debug|Any CPU.Build.0 = Debug|Any CPU
		{03E18C74-6786-442A-A7C8-BCF3DC2E00BE}.Release|Any CPU.ActiveCfg = Release|Any CPU
		{03E18C74-6786-442A-A7C8-BCF3DC2E00BE}.Release|Any CPU.Build.0 = Release|Any CPU
		{BF989668-B7A9-4081-92CA-2533BE9EF96B}.Debug|Any CPU.ActiveCfg = Debug|Any CPU
		{BF989668-B7A9-4081-92CA-2533BE9EF96B}.Debug|Any CPU.Build.0 = Debug|Any CPU
		{BF989668-B7A9-4081-92CA-2533BE9EF96B}.Release|Any CPU.ActiveCfg = Release|Any CPU
		{BF989668-B7A9-4081-92CA-2533BE9EF96B}.Release|Any CPU.Build.0 = Release|Any CPU
	EndGlobalSection
	GlobalSection(SolutionProperties) = preSolution
		HideSolutionNode = FALSE
	EndGlobalSection
	GlobalSection(ExtensibilityGlobals) = postSolution
		SolutionGuid = {610BE3F4-24EE-406B-B3EF-1139F38453B0}
	EndGlobalSection
EndGlobal
